{
  "name": "Newborn-Screening",
  "version": "1.0.0",
  "lockfileVersion": 1,
  "requires": true,
  "dependencies": {
    "hl7parser": {
      "version": "1.0.1",
      "resolved": "https://registry.npmjs.org/hl7parser/-/hl7parser-1.0.1.tgz",
      "integrity": "sha1-KDxHGW+7YsNdRvyN6WLNFDeRqCw="
    }
  }
}
